// !$*UTF8*$!
{
	archiveVersion = 1;
	classes = {
	};
	objectVersion = 46;
	objects = {

/* Begin PBXBuildFile section */
		BF61869B1ADDB4DE008FFD32 /* main.cpp in Sources */ = {isa = PBXBuildFile; fileRef = BF61869A1ADDB4DE008FFD32 /* main.cpp */; settings = {COMPILER_FLAGS = "-Wno-deprecated"; }; };
		BF6186A31ADDB589008FFD32 /* Image.cpp in Sources */ = {isa = PBXBuildFile; fileRef = BF6186A11ADDB589008FFD32 /* Image.cpp */; settings = {COMPILER_FLAGS = "-Wno-deprecated"; }; };
		BF6186A81ADDB782008FFD32 /* control.cpp in Sources */ = {isa = PBXBuildFile; fileRef = BF6186A61ADDB782008FFD32 /* control.cpp */; settings = {COMPILER_FLAGS = "-Wno-deprecated"; }; };
		BF6186AA1ADDBB00008FFD32 /* OpenGL.framework in Frameworks */ = {isa = PBXBuildFile; fileRef = BF6186A91ADDBB00008FFD32 /* OpenGL.framework */; };
		BF6186AC1ADDBB03008FFD32 /* GLUT.framework in Frameworks */ = {isa = PBXBuildFile; fileRef = BF6186AB1ADDBB03008FFD32 /* GLUT.framework */; };
		BF6186AE1ADDBB07008FFD32 /* Cocoa.framework in Frameworks */ = {isa = PBXBuildFile; fileRef = BF6186AD1ADDBB07008FFD32 /* Cocoa.framework */; };
		BF6186B31AE5CBAD008FFD32 /* ip.cpp in Sources */ = {isa = PBXBuildFile; fileRef = BF6186B11AE5CBAD008FFD32 /* ip.cpp */; };
		BF6186B61AF0B4AC008FFD32 /* utils.cpp in Sources */ = {isa = PBXBuildFile; fileRef = BF6186B41AF0B4AC008FFD32 /* utils.cpp */; };
		BF6186BC1AF19286008FFD32 /* lsd.cpp in Sources */ = {isa = PBXBuildFile; fileRef = BF6186BA1AF19286008FFD32 /* lsd.cpp */; };
		BF6186BF1AF75B7D008FFD32 /* Quadratic.cpp in Sources */ = {isa = PBXBuildFile; fileRef = BF6186BD1AF75B7D008FFD32 /* Quadratic.cpp */; };
/* End PBXBuildFile section */

/* Begin PBXCopyFilesBuildPhase section */
		BF6186951ADDB4DE008FFD32 /* CopyFiles */ = {
			isa = PBXCopyFilesBuildPhase;
			buildActionMask = 2147483647;
			dstPath = /usr/share/man/man1/;
			dstSubfolderSpec = 0;
			files = (
			);
			runOnlyForDeploymentPostprocessing = 1;
		};
/* End PBXCopyFilesBuildPhase section */

/* Begin PBXFileReference section */
		BF6186971ADDB4DE008FFD32 /* FinalProjectPanorama */ = {isa = PBXFileReference; explicitFileType = "compiled.mach-o.executable"; includeInIndex = 0; path = FinalProjectPanorama; sourceTree = BUILT_PRODUCTS_DIR; };
		BF61869A1ADDB4DE008FFD32 /* main.cpp */ = {isa = PBXFileReference; lastKnownFileType = sourcecode.cpp.cpp; path = main.cpp; sourceTree = "<group>"; };
		BF6186A11ADDB589008FFD32 /* Image.cpp */ = {isa = PBXFileReference; fileEncoding = 4; lastKnownFileType = sourcecode.cpp.cpp; path = Image.cpp; sourceTree = "<group>"; };
		BF6186A21ADDB589008FFD32 /* Image.h */ = {isa = PBXFileReference; fileEncoding = 4; lastKnownFileType = sourcecode.c.h; path = Image.h; sourceTree = "<group>"; };
		BF6186A41ADDB66C008FFD32 /* common.h */ = {isa = PBXFileReference; lastKnownFileType = sourcecode.c.h; path = common.h; sourceTree = "<group>"; };
		BF6186A51ADDB6FC008FFD32 /* main.h */ = {isa = PBXFileReference; lastKnownFileType = sourcecode.c.h; path = main.h; sourceTree = "<group>"; };
		BF6186A61ADDB782008FFD32 /* control.cpp */ = {isa = PBXFileReference; fileEncoding = 4; lastKnownFileType = sourcecode.cpp.cpp; path = control.cpp; sourceTree = "<group>"; };
		BF6186A71ADDB782008FFD32 /* control.h */ = {isa = PBXFileReference; fileEncoding = 4; lastKnownFileType = sourcecode.c.h; path = control.h; sourceTree = "<group>"; };
		BF6186A91ADDBB00008FFD32 /* OpenGL.framework */ = {isa = PBXFileReference; lastKnownFileType = wrapper.framework; name = OpenGL.framework; path = System/Library/Frameworks/OpenGL.framework; sourceTree = SDKROOT; };
		BF6186AB1ADDBB03008FFD32 /* GLUT.framework */ = {isa = PBXFileReference; lastKnownFileType = wrapper.framework; name = GLUT.framework; path = System/Library/Frameworks/GLUT.framework; sourceTree = SDKROOT; };
		BF6186AD1ADDBB07008FFD32 /* Cocoa.framework */ = {isa = PBXFileReference; lastKnownFileType = wrapper.framework; name = Cocoa.framework; path = System/Library/Frameworks/Cocoa.framework; sourceTree = SDKROOT; };
		BF6186B11AE5CBAD008FFD32 /* ip.cpp */ = {isa = PBXFileReference; fileEncoding = 4; lastKnownFileType = sourcecode.cpp.cpp; path = ip.cpp; sourceTree = "<group>"; };
		BF6186B21AE5CBAD008FFD32 /* ip.h */ = {isa = PBXFileReference; fileEncoding = 4; lastKnownFileType = sourcecode.c.h; path = ip.h; sourceTree = "<group>"; };
		BF6186B41AF0B4AC008FFD32 /* utils.cpp */ = {isa = PBXFileReference; fileEncoding = 4; lastKnownFileType = sourcecode.cpp.cpp; path = utils.cpp; sourceTree = "<group>"; };
		BF6186B51AF0B4AC008FFD32 /* utils.h */ = {isa = PBXFileReference; fileEncoding = 4; lastKnownFileType = sourcecode.c.h; path = utils.h; sourceTree = "<group>"; };
		BF6186BA1AF19286008FFD32 /* lsd.cpp */ = {isa = PBXFileReference; fileEncoding = 4; lastKnownFileType = sourcecode.cpp.cpp; path = lsd.cpp; sourceTree = "<group>"; };
		BF6186BB1AF19286008FFD32 /* lsd.h */ = {isa = PBXFileReference; fileEncoding = 4; lastKnownFileType = sourcecode.c.h; path = lsd.h; sourceTree = "<group>"; };
		BF6186BD1AF75B7D008FFD32 /* Quadratic.cpp */ = {isa = PBXFileReference; fileEncoding = 4; lastKnownFileType = sourcecode.cpp.cpp; path = Quadratic.cpp; sourceTree = "<group>"; };
		BF6186BE1AF75B7D008FFD32 /* Quadratic.h */ = {isa = PBXFileReference; fileEncoding = 4; lastKnownFileType = sourcecode.c.h; path = Quadratic.h; sourceTree = "<group>"; };
/* End PBXFileReference section */

/* Begin PBXFrameworksBuildPhase section */
		BF6186941ADDB4DE008FFD32 /* Frameworks */ = {
			isa = PBXFrameworksBuildPhase;
			buildActionMask = 2147483647;
			files = (
				BF6186AE1ADDBB07008FFD32 /* Cocoa.framework in Frameworks */,
				BF6186AC1ADDBB03008FFD32 /* GLUT.framework in Frameworks */,
				BF6186AA1ADDBB00008FFD32 /* OpenGL.framework in Frameworks */,
			);
			runOnlyForDeploymentPostprocessing = 0;
		};
/* End PBXFrameworksBuildPhase section */

/* Begin PBXGroup section */
		BF61868E1ADDB4DE008FFD32 = {
			isa = PBXGroup;
			children = (
				BF6186AD1ADDBB07008FFD32 /* Cocoa.framework */,
				BF6186AB1ADDBB03008FFD32 /* GLUT.framework */,
				BF6186A91ADDBB00008FFD32 /* OpenGL.framework */,
				BF6186991ADDB4DE008FFD32 /* FinalProjectPanorama */,
				BF6186981ADDB4DE008FFD32 /* Products */,
			);
			sourceTree = "<group>";
		};
		BF6186981ADDB4DE008FFD32 /* Products */ = {
			isa = PBXGroup;
			children = (
				BF6186971ADDB4DE008FFD32 /* FinalProjectPanorama */,
			);
			name = Products;
			sourceTree = "<group>";
		};
		BF6186991ADDB4DE008FFD32 /* FinalProjectPanorama */ = {
			isa = PBXGroup;
			children = (
				BF6186A51ADDB6FC008FFD32 /* main.h */,
				BF61869A1ADDB4DE008FFD32 /* main.cpp */,
				BF6186A41ADDB66C008FFD32 /* common.h */,
				BF6186A71ADDB782008FFD32 /* control.h */,
				BF6186A61ADDB782008FFD32 /* control.cpp */,
				BF6186A21ADDB589008FFD32 /* Image.h */,
				BF6186A11ADDB589008FFD32 /* Image.cpp */,
				BF6186B21AE5CBAD008FFD32 /* ip.h */,
				BF6186B11AE5CBAD008FFD32 /* ip.cpp */,
				BF6186BE1AF75B7D008FFD32 /* Quadratic.h */,
				BF6186BD1AF75B7D008FFD32 /* Quadratic.cpp */,
				BF6186B51AF0B4AC008FFD32 /* utils.h */,
				BF6186B41AF0B4AC008FFD32 /* utils.cpp */,
				BF6186BB1AF19286008FFD32 /* lsd.h */,
				BF6186BA1AF19286008FFD32 /* lsd.cpp */,
			);
			path = FinalProjectPanorama;
			sourceTree = "<group>";
		};
/* End PBXGroup section */

/* Begin PBXNativeTarget section */
		BF6186961ADDB4DE008FFD32 /* FinalProjectPanorama */ = {
			isa = PBXNativeTarget;
			buildConfigurationList = BF61869E1ADDB4DE008FFD32 /* Build configuration list for PBXNativeTarget "FinalProjectPanorama" */;
			buildPhases = (
				BF6186931ADDB4DE008FFD32 /* Sources */,
				BF6186941ADDB4DE008FFD32 /* Frameworks */,
				BF6186951ADDB4DE008FFD32 /* CopyFiles */,
			);
			buildRules = (
			);
			dependencies = (
			);
			name = FinalProjectPanorama;
			productName = FinalProjectPanorama;
			productReference = BF6186971ADDB4DE008FFD32 /* FinalProjectPanorama */;
			productType = "com.apple.product-type.tool";
		};
/* End PBXNativeTarget section */

/* Begin PBXProject section */
		BF61868F1ADDB4DE008FFD32 /* Project object */ = {
			isa = PBXProject;
			attributes = {
				LastUpgradeCheck = 0630;
				ORGANIZATIONNAME = "Vincent Fiorentini";
				TargetAttributes = {
					BF6186961ADDB4DE008FFD32 = {
						CreatedOnToolsVersion = 6.3;
					};
				};
			};
			buildConfigurationList = BF6186921ADDB4DE008FFD32 /* Build configuration list for PBXProject "FinalProjectPanorama" */;
			compatibilityVersion = "Xcode 3.2";
			developmentRegion = English;
			hasScannedForEncodings = 0;
			knownRegions = (
				en,
			);
			mainGroup = BF61868E1ADDB4DE008FFD32;
			productRefGroup = BF6186981ADDB4DE008FFD32 /* Products */;
			projectDirPath = "";
			projectRoot = "";
			targets = (
				BF6186961ADDB4DE008FFD32 /* FinalProjectPanorama */,
			);
		};
/* End PBXProject section */

/* Begin PBXSourcesBuildPhase section */
		BF6186931ADDB4DE008FFD32 /* Sources */ = {
			isa = PBXSourcesBuildPhase;
			buildActionMask = 2147483647;
			files = (
				BF6186B31AE5CBAD008FFD32 /* ip.cpp in Sources */,
				BF6186BF1AF75B7D008FFD32 /* Quadratic.cpp in Sources */,
				BF6186B61AF0B4AC008FFD32 /* utils.cpp in Sources */,
				BF6186A81ADDB782008FFD32 /* control.cpp in Sources */,
				BF6186BC1AF19286008FFD32 /* lsd.cpp in Sources */,
				BF61869B1ADDB4DE008FFD32 /* main.cpp in Sources */,
				BF6186A31ADDB589008FFD32 /* Image.cpp in Sources */,
			);
			runOnlyForDeploymentPostprocessing = 0;
		};
/* End PBXSourcesBuildPhase section */

/* Begin XCBuildConfiguration section */
		BF61869C1ADDB4DE008FFD32 /* Debug */ = {
			isa = XCBuildConfiguration;
			buildSettings = {
				ALWAYS_SEARCH_USER_PATHS = NO;
				CLANG_CXX_LANGUAGE_STANDARD = "gnu++0x";
				CLANG_CXX_LIBRARY = "libc++";
				CLANG_ENABLE_MODULES = YES;
				CLANG_ENABLE_OBJC_ARC = YES;
				CLANG_WARN_BOOL_CONVERSION = YES;
				CLANG_WARN_CONSTANT_CONVERSION = YES;
				CLANG_WARN_DIRECT_OBJC_ISA_USAGE = YES_ERROR;
				CLANG_WARN_EMPTY_BODY = YES;
				CLANG_WARN_ENUM_CONVERSION = YES;
				CLANG_WARN_INT_CONVERSION = YES;
				CLANG_WARN_OBJC_ROOT_CLASS = YES_ERROR;
				CLANG_WARN_UNREACHABLE_CODE = YES;
				CLANG_WARN__DUPLICATE_METHOD_MATCH = YES;
				COPY_PHASE_STRIP = NO;
				DEBUG_INFORMATION_FORMAT = dwarf;
				ENABLE_STRICT_OBJC_MSGSEND = YES;
				GCC_C_LANGUAGE_STANDARD = gnu99;
				GCC_DYNAMIC_NO_PIC = NO;
				GCC_NO_COMMON_BLOCKS = YES;
				GCC_OPTIMIZATION_LEVEL = 0;
				GCC_PREPROCESSOR_DEFINITIONS = (
					"DEBUG=1",
					"$(inherited)",
				);
				GCC_SYMBOLS_PRIVATE_EXTERN = NO;
				GCC_WARN_64_TO_32_BIT_CONVERSION = YES;
				GCC_WARN_ABOUT_RETURN_TYPE = YES_ERROR;
				GCC_WARN_UNDECLARED_SELECTOR = YES;
				GCC_WARN_UNINITIALIZED_AUTOS = YES_AGGRESSIVE;
				GCC_WARN_UNUSED_FUNCTION = YES;
				GCC_WARN_UNUSED_VARIABLE = YES;
				MACOSX_DEPLOYMENT_TARGET = 10.10;
				MTL_ENABLE_DEBUG_INFO = YES;
				ONLY_ACTIVE_ARCH = YES;
				SDKROOT = macosx;
			};
			name = Debug;
		};
		BF61869D1ADDB4DE008FFD32 /* Release */ = {
			isa = XCBuildConfiguration;
			buildSettings = {
				ALWAYS_SEARCH_USER_PATHS = NO;
				CLANG_CXX_LANGUAGE_STANDARD = "gnu++0x";
				CLANG_CXX_LIBRARY = "libc++";
				CLANG_ENABLE_MODULES = YES;
				CLANG_ENABLE_OBJC_ARC = YES;
				CLANG_WARN_BOOL_CONVERSION = YES;
				CLANG_WARN_CONSTANT_CONVERSION = YES;
				CLANG_WARN_DIRECT_OBJC_ISA_USAGE = YES_ERROR;
				CLANG_WARN_EMPTY_BODY = YES;
				CLANG_WARN_ENUM_CONVERSION = YES;
				CLANG_WARN_INT_CONVERSION = YES;
				CLANG_WARN_OBJC_ROOT_CLASS = YES_ERROR;
				CLANG_WARN_UNREACHABLE_CODE = YES;
				CLANG_WARN__DUPLICATE_METHOD_MATCH = YES;
				COPY_PHASE_STRIP = NO;
				DEBUG_INFORMATION_FORMAT = "dwarf-with-dsym";
				ENABLE_NS_ASSERTIONS = NO;
				ENABLE_STRICT_OBJC_MSGSEND = YES;
				GCC_C_LANGUAGE_STANDARD = gnu99;
				GCC_NO_COMMON_BLOCKS = YES;
				GCC_WARN_64_TO_32_BIT_CONVERSION = YES;
				GCC_WARN_ABOUT_RETURN_TYPE = YES_ERROR;
				GCC_WARN_UNDECLARED_SELECTOR = YES;
				GCC_WARN_UNINITIALIZED_AUTOS = YES_AGGRESSIVE;
				GCC_WARN_UNUSED_FUNCTION = YES;
				GCC_WARN_UNUSED_VARIABLE = YES;
				MACOSX_DEPLOYMENT_TARGET = 10.10;
				MTL_ENABLE_DEBUG_INFO = NO;
				SDKROOT = macosx;
			};
			name = Release;
		};
		BF61869F1ADDB4DE008FFD32 /* Debug */ = {
			isa = XCBuildConfiguration;
			buildSettings = {
				PRODUCT_NAME = "$(TARGET_NAME)";
			};
			name = Debug;
		};
		BF6186A01ADDB4DE008FFD32 /* Release */ = {
			isa = XCBuildConfiguration;
			buildSettings = {
				PRODUCT_NAME = "$(TARGET_NAME)";
			};
			name = Release;
		};
/* End XCBuildConfiguration section */

/* Begin XCConfigurationList section */
		BF6186921ADDB4DE008FFD32 /* Build configuration list for PBXProject "FinalProjectPanorama" */ = {
			isa = XCConfigurationList;
			buildConfigurations = (
				BF61869C1ADDB4DE008FFD32 /* Debug */,
				BF61869D1ADDB4DE008FFD32 /* Release */,
			);
			defaultConfigurationIsVisible = 0;
			defaultConfigurationName = Release;
		};
		BF61869E1ADDB4DE008FFD32 /* Build configuration list for PBXNativeTarget "FinalProjectPanorama" */ = {
			isa = XCConfigurationList;
			buildConfigurations = (
				BF61869F1ADDB4DE008FFD32 /* Debug */,
				BF6186A01ADDB4DE008FFD32 /* Release */,
			);
			defaultConfigurationIsVisible = 0;
			defaultConfigurationName = Release;
		};
/* End XCConfigurationList section */
	};
	rootObject = BF61868F1ADDB4DE008FFD32 /* Project object */;
}
